
Microsoft Visual Studio Solution File, Format Version 12.00
# Visual Studio Version 16
VisualStudioVersion = 16.0.31729.503
MinimumVisualStudioVersion = 10.0.40219.1
Project("{888888A0-9F3D-457C-B088-3A5042F75D52}") = "7 - Mendel's First Law", "7 - Mendel's First Law.pyproj", "{E875BE0B-E761-458A-A411-A34CC40A6883}"
EndProject
Global
	GlobalSection(SolutionConfigurationPlatforms) = preSolution
		Debug|Any CPU = Debug|Any CPU
		Release|Any CPU = Release|Any CPU
	EndGlobalSection
	GlobalSection(ProjectConfigurationPlatforms) = postSolution
		{E875BE0B-E761-458A-A411-A34CC40A6883}.Debug|Any CPU.ActiveCfg = Debug|Any CPU
		{E875BE0B-E761-458A-A411-A34CC40A6883}.Release|Any CPU.ActiveCfg = Release|Any CPU
	EndGlobalSection
	GlobalSection(SolutionProperties) = preSolution
		HideSolutionNode = FALSE
	EndGlobalSection
	GlobalSection(ExtensibilityGlobals) = postSolution
		SolutionGuid = {00D3D109-20E2-43A1-A343-023D45708DD1}
	EndGlobalSection
EndGlobal
