
Microsoft Visual Studio Solution File, Format Version 12.00
# Visual Studio Version 16
VisualStudioVersion = 16.0.31729.503
MinimumVisualStudioVersion = 10.0.40219.1
Project("{888888A0-9F3D-457C-B088-3A5042F75D52}") = "14 - Finding a Shared Motif", "14 - Finding a Shared Motif.pyproj", "{8D491DB0-FE82-4AD4-944B-4321B77DFB34}"
EndProject
Global
	GlobalSection(SolutionConfigurationPlatforms) = preSolution
		Debug|Any CPU = Debug|Any CPU
		Release|Any CPU = Release|Any CPU
	EndGlobalSection
	GlobalSection(ProjectConfigurationPlatforms) = postSolution
		{8D491DB0-FE82-4AD4-944B-4321B77DFB34}.Debug|Any CPU.ActiveCfg = Debug|Any CPU
		{8D491DB0-FE82-4AD4-944B-4321B77DFB34}.Release|Any CPU.ActiveCfg = Release|Any CPU
	EndGlobalSection
	GlobalSection(SolutionProperties) = preSolution
		HideSolutionNode = FALSE
	EndGlobalSection
	GlobalSection(ExtensibilityGlobals) = postSolution
		SolutionGuid = {811EC689-FA75-47B9-89A9-023D481D716D}
	EndGlobalSection
EndGlobal
