
Microsoft Visual Studio Solution File, Format Version 12.00
# Visual Studio Version 16
VisualStudioVersion = 16.0.31729.503
MinimumVisualStudioVersion = 10.0.40219.1
Project("{888888A0-9F3D-457C-B088-3A5042F75D52}") = "5 - Computing GC Content", "5 - Computing GC Content.pyproj", "{0BE0AC0E-C44F-4B40-8399-90A96D08332C}"
EndProject
Global
	GlobalSection(SolutionConfigurationPlatforms) = preSolution
		Debug|Any CPU = Debug|Any CPU
		Release|Any CPU = Release|Any CPU
	EndGlobalSection
	GlobalSection(ProjectConfigurationPlatforms) = postSolution
		{0BE0AC0E-C44F-4B40-8399-90A96D08332C}.Debug|Any CPU.ActiveCfg = Debug|Any CPU
		{0BE0AC0E-C44F-4B40-8399-90A96D08332C}.Release|Any CPU.ActiveCfg = Release|Any CPU
	EndGlobalSection
	GlobalSection(SolutionProperties) = preSolution
		HideSolutionNode = FALSE
	EndGlobalSection
	GlobalSection(ExtensibilityGlobals) = postSolution
		SolutionGuid = {A99D0814-A9C4-4B80-8F09-B9F61A3CBC0D}
	EndGlobalSection
EndGlobal
